
Microsoft Visual Studio Solution File, Format Version 12.00
# Visual Studio 15
VisualStudioVersion = 15.0.28010.2026
MinimumVisualStudioVersion = 10.0.40219.1
Project("{FAE04EC0-301F-11D3-BF4B-00C04F79EFBC}") = "Selenium_OpenCart", "Selenium_OpenCart\Selenium_OpenCart.csproj", "{D0DA0578-9F8D-4FFF-B901-42F40CFAECA8}"
EndProject
Global
	GlobalSection(SolutionConfigurationPlatforms) = preSolution
		Debug|Any CPU = Debug|Any CPU
		Release|Any CPU = Release|Any CPU
	EndGlobalSection
	GlobalSection(ProjectConfigurationPlatforms) = postSolution
		{D0DA0578-9F8D-4FFF-B901-42F40CFAECA8}.Debug|Any CPU.ActiveCfg = Debug|Any CPU
		{D0DA0578-9F8D-4FFF-B901-42F40CFAECA8}.Debug|Any CPU.Build.0 = Debug|Any CPU
		{D0DA0578-9F8D-4FFF-B901-42F40CFAECA8}.Release|Any CPU.ActiveCfg = Release|Any CPU
		{D0DA0578-9F8D-4FFF-B901-42F40CFAECA8}.Release|Any CPU.Build.0 = Release|Any CPU
	EndGlobalSection
	GlobalSection(SolutionProperties) = preSolution
		HideSolutionNode = FALSE
	EndGlobalSection
	GlobalSection(ExtensibilityGlobals) = postSolution
		SolutionGuid = {397638BA-CCAF-4468-A06C-900A7AF80F64}
	EndGlobalSection
EndGlobal
